
Microsoft Visual Studio Solution File, Format Version 12.00
# Visual Studio 15
VisualStudioVersion = 15.0.26124.0
MinimumVisualStudioVersion = 15.0.26124.0
Project("{2150E333-8FDC-42A3-9474-1A3956D46DE8}") = "csharp_language_programming", "csharp_language_programming", "{12AD4AED-CD59-45B8-AFEA-E175D55A3BF9}"
EndProject
Project("{2150E333-8FDC-42A3-9474-1A3956D46DE8}") = "code", "code", "{0C0D144C-EE2D-498E-9A9B-DD4C6A1FC75D}"
EndProject
Project("{2150E333-8FDC-42A3-9474-1A3956D46DE8}") = "experiment", "experiment", "{94EC4864-7907-456D-B9DD-E997BD25B694}"
EndProject
Project("{FAE04EC0-301F-11D3-BF4B-00C04F79EFBC}") = "1.1", "csharp_language_programming\code\experiment\1.1\1.1.csproj", "{73DE12D7-BAAB-41C9-8F22-C345FFE79D2C}"
EndProject
Project("{2150E333-8FDC-42A3-9474-1A3956D46DE8}") = "project", "project", "{A450722E-9CA8-4EBB-BD37-293E80111AED}"
EndProject
Project("{2150E333-8FDC-42A3-9474-1A3956D46DE8}") = "Calculator", "Calculator", "{E2B1B665-B74A-4D0B-A767-074E7157C5A6}"
EndProject
Project("{FAE04EC0-301F-11D3-BF4B-00C04F79EFBC}") = "Calculator", "csharp_language_programming\code\project\Calculator\Calculator\Calculator.csproj", "{6B581EB8-0689-430E-852B-44414B3E6321}"
EndProject
Project("{FAE04EC0-301F-11D3-BF4B-00C04F79EFBC}") = "MathOperations", "csharp_language_programming\code\project\Calculator\MathOperations\MathOperations.csproj", "{6DE36643-C29B-4179-BC5C-900870692B5A}"
EndProject
Project("{FAE04EC0-301F-11D3-BF4B-00C04F79EFBC}") = "MathOperationTests", "csharp_language_programming\code\project\Calculator\MathOperationTests\MathOperationTests.csproj", "{51A1378C-F053-46E9-AC15-FB3D5823B297}"
EndProject
Project("{FAE04EC0-301F-11D3-BF4B-00C04F79EFBC}") = "1.2", "csharp_language_programming\code\experiment\1.2\1.2.csproj", "{4F358932-CBA0-4389-A86B-E47C9F0AE9F0}"
EndProject
Project("{FAE04EC0-301F-11D3-BF4B-00C04F79EFBC}") = "1.3", "csharp_language_programming\code\experiment\1.3\1.3.csproj", "{B3D1A9A8-BF5C-4A58-BB7B-454B55CA3D28}"
EndProject
Project("{FAE04EC0-301F-11D3-BF4B-00C04F79EFBC}") = "1.4", "csharp_language_programming\code\experiment\1.4\1.4.csproj", "{B49D26D5-89BC-4979-92E7-9DAEF4F1B671}"
EndProject
Project("{FAE04EC0-301F-11D3-BF4B-00C04F79EFBC}") = "1.5", "csharp_language_programming\code\experiment\1.5\1.5.csproj", "{46B1E661-79E0-4A2D-8C2B-ECC2BB41B7EA}"
EndProject
Project("{FAE04EC0-301F-11D3-BF4B-00C04F79EFBC}") = "1.6", "csharp_language_programming\code\experiment\1.6\1.6.csproj", "{52B80956-8765-49BD-841E-2B07609A1A9D}"
EndProject
Project("{FAE04EC0-301F-11D3-BF4B-00C04F79EFBC}") = "1.7", "csharp_language_programming\code\experiment\1.7\1.7.csproj", "{27CA821F-E1DA-40DE-994C-6700BBF62086}"
EndProject
Project("{FAE04EC0-301F-11D3-BF4B-00C04F79EFBC}") = "1.8", "csharp_language_programming\code\experiment\1.8\1.8.csproj", "{AA77C6E7-F3A9-4C7D-A367-C457B4CEBE4A}"
EndProject
Project("{FAE04EC0-301F-11D3-BF4B-00C04F79EFBC}") = "1.9", "csharp_language_programming\code\experiment\1.9\1.9.csproj", "{5ED2DCC3-698C-4FE1-B369-9264ACE02FAE}"
EndProject
Project("{FAE04EC0-301F-11D3-BF4B-00C04F79EFBC}") = "1.10", "csharp_language_programming\code\experiment\1.10\1.10.csproj", "{F871A61B-AA95-4F2D-9BFB-1D5115E1ED29}"
EndProject
Project("{FAE04EC0-301F-11D3-BF4B-00C04F79EFBC}") = "1.11", "csharp_language_programming\code\experiment\1.11\1.11.csproj", "{32B32774-F956-48C1-85FC-D7EFF71A2999}"
EndProject
Project("{FAE04EC0-301F-11D3-BF4B-00C04F79EFBC}") = "1.12", "csharp_language_programming\code\experiment\1.12\1.12.csproj", "{4D2DA026-1A42-4607-8D9B-01F977B1C82F}"
EndProject
Project("{FAE04EC0-301F-11D3-BF4B-00C04F79EFBC}") = "1.13", "csharp_language_programming\code\experiment\1.13\1.13.csproj", "{877A042E-357A-410B-8D15-5DD5FCD3CEBD}"
EndProject
Project("{FAE04EC0-301F-11D3-BF4B-00C04F79EFBC}") = "1.14", "csharp_language_programming\code\experiment\1.14\1.14.csproj", "{5EAEE0FA-8D9B-4FA4-9109-BD0D8E9119F1}"
EndProject
Project("{2150E333-8FDC-42A3-9474-1A3956D46DE8}") = "MyCalculator", "MyCalculator", "{1311D3FF-4785-4016-AA98-867F82185BEA}"
EndProject
Project("{FAE04EC0-301F-11D3-BF4B-00C04F79EFBC}") = "MyCalculator", "csharp_language_programming\code\project\MyCalculator\MyCalculator\MyCalculator.csproj", "{5F818CB9-1078-4DD1-A3BF-F54E7428C48B}"
EndProject
Project("{2150E333-8FDC-42A3-9474-1A3956D46DE8}") = "2.1", "2.1", "{E2475A0B-6440-434F-BE4B-9C48F4402756}"
EndProject
Project("{FAE04EC0-301F-11D3-BF4B-00C04F79EFBC}") = "1", "csharp_language_programming\code\experiment\2.1\1\1.csproj", "{A7037CCB-F380-487F-AA89-823F1A8A7FE7}"
EndProject
Project("{FAE04EC0-301F-11D3-BF4B-00C04F79EFBC}") = "2", "csharp_language_programming\code\experiment\2.1\2\2.csproj", "{3FF16BF3-3629-498F-AEBB-AD6999576E5A}"
EndProject
Project("{FAE04EC0-301F-11D3-BF4B-00C04F79EFBC}") = "3", "csharp_language_programming\code\experiment\2.1\3\3.csproj", "{1B325CAB-C5C7-4EB7-98E2-0F8C1627949E}"
EndProject
Project("{FAE04EC0-301F-11D3-BF4B-00C04F79EFBC}") = "4", "csharp_language_programming\code\experiment\2.1\4\4.csproj", "{0677B8D6-F579-4500-A317-54683FB79B0F}"
EndProject
Project("{FAE04EC0-301F-11D3-BF4B-00C04F79EFBC}") = "5", "csharp_language_programming\code\experiment\2.1\5\5.csproj", "{E21C7C4C-589B-4ED3-A416-72819CD2CD1C}"
EndProject
Project("{2150E333-8FDC-42A3-9474-1A3956D46DE8}") = "2.2", "2.2", "{E6BDCEB7-4A0E-4919-8830-F63B41A30CCB}"
EndProject
Project("{FAE04EC0-301F-11D3-BF4B-00C04F79EFBC}") = "1", "csharp_language_programming\code\experiment\2.2\1\1.csproj", "{5B027151-B1FC-479B-94C7-2E24CA981E37}"
EndProject
Project("{FAE04EC0-301F-11D3-BF4B-00C04F79EFBC}") = "2", "csharp_language_programming\code\experiment\2.2\2\2.csproj", "{40743347-5477-4F04-85D3-CE1DF26F98A2}"
EndProject
Project("{FAE04EC0-301F-11D3-BF4B-00C04F79EFBC}") = "3", "csharp_language_programming\code\experiment\2.2\3\3.csproj", "{0B401748-77C6-45BE-8AA2-02F73C2BA036}"
EndProject
Project("{FAE04EC0-301F-11D3-BF4B-00C04F79EFBC}") = "4", "csharp_language_programming\code\experiment\2.2\4\4.csproj", "{50956963-D414-4382-B035-AB4B4DF7E028}"
EndProject
Project("{2150E333-8FDC-42A3-9474-1A3956D46DE8}") = "2.3", "2.3", "{AF31E87A-1712-46AF-A341-50E4977130BB}"
EndProject
Project("{FAE04EC0-301F-11D3-BF4B-00C04F79EFBC}") = "1", "csharp_language_programming\code\experiment\2.3\1\1.csproj", "{349ACDA6-E259-49C9-AC25-57D37960A0F7}"
EndProject
Project("{FAE04EC0-301F-11D3-BF4B-00C04F79EFBC}") = "2", "csharp_language_programming\code\experiment\2.3\2\2.csproj", "{172B525A-2FFE-4C82-B50F-9F2A3A26B1FE}"
EndProject
Project("{FAE04EC0-301F-11D3-BF4B-00C04F79EFBC}") = "3", "csharp_language_programming\code\experiment\2.3\3\3.csproj", "{9D68FDB3-DE45-4749-92F0-49FC5583524A}"
EndProject
Project("{FAE04EC0-301F-11D3-BF4B-00C04F79EFBC}") = "4", "csharp_language_programming\code\experiment\2.3\4\4.csproj", "{B8E330AA-1F96-4CB9-90DB-6680E3CD50F4}"
EndProject
Project("{2150E333-8FDC-42A3-9474-1A3956D46DE8}") = "2.4", "2.4", "{289A2E4B-F84E-4B8E-A2C6-2015CF8C2DFF}"
EndProject
Project("{FAE04EC0-301F-11D3-BF4B-00C04F79EFBC}") = "1", "csharp_language_programming\code\experiment\2.4\1\1.csproj", "{948FB409-3EF5-43FD-812A-B7275C2BB73D}"
EndProject
Project("{FAE04EC0-301F-11D3-BF4B-00C04F79EFBC}") = "2", "csharp_language_programming\code\experiment\2.4\2\2.csproj", "{3E3E449D-7FE1-4E89-8CED-0B977B537645}"
EndProject
Project("{FAE04EC0-301F-11D3-BF4B-00C04F79EFBC}") = "3", "csharp_language_programming\code\experiment\2.4\3\3.csproj", "{CEA37BE6-E960-4512-B7D9-51C4000E823C}"
EndProject
Project("{FAE04EC0-301F-11D3-BF4B-00C04F79EFBC}") = "4", "csharp_language_programming\code\experiment\2.4\4\4.csproj", "{6DD1C9C0-580A-47C5-A77D-87A7D4906EF1}"
EndProject
Project("{2150E333-8FDC-42A3-9474-1A3956D46DE8}") = "2.5", "2.5", "{2B9E4B8C-87CE-4A3D-8A47-8312E4C313A0}"
EndProject
Project("{FAE04EC0-301F-11D3-BF4B-00C04F79EFBC}") = "1", "csharp_language_programming\code\experiment\2.5\1\1.csproj", "{5F340A6B-561D-4D19-9F16-EF00FF636D2E}"
EndProject
Project("{FAE04EC0-301F-11D3-BF4B-00C04F79EFBC}") = "2", "csharp_language_programming\code\experiment\2.5\2\2.csproj", "{73295819-23E7-4865-B14E-F9ACDE80417F}"
EndProject
Project("{FAE04EC0-301F-11D3-BF4B-00C04F79EFBC}") = "3", "csharp_language_programming\code\experiment\2.5\3\3.csproj", "{84B94F7C-6424-42B1-B367-98411A8AA70A}"
EndProject
Project("{2150E333-8FDC-42A3-9474-1A3956D46DE8}") = "2.6", "2.6", "{99070190-C217-4774-9D9C-8DE735905E49}"
EndProject
Project("{FAE04EC0-301F-11D3-BF4B-00C04F79EFBC}") = "1", "csharp_language_programming\code\experiment\2.6\1\1.csproj", "{66EF1043-7706-49DE-8130-599948A8090A}"
EndProject
Project("{FAE04EC0-301F-11D3-BF4B-00C04F79EFBC}") = "2", "csharp_language_programming\code\experiment\2.6\2\2.csproj", "{A4EEEAD6-2BA2-4981-B0C3-5CE55758FE16}"
EndProject
Global
	GlobalSection(SolutionConfigurationPlatforms) = preSolution
		Debug|Any CPU = Debug|Any CPU
		Debug|x64 = Debug|x64
		Debug|x86 = Debug|x86
		Release|Any CPU = Release|Any CPU
		Release|x64 = Release|x64
		Release|x86 = Release|x86
	EndGlobalSection
	GlobalSection(SolutionProperties) = preSolution
		HideSolutionNode = FALSE
	EndGlobalSection
	GlobalSection(ProjectConfigurationPlatforms) = postSolution
		{73DE12D7-BAAB-41C9-8F22-C345FFE79D2C}.Debug|Any CPU.ActiveCfg = Debug|Any CPU
		{73DE12D7-BAAB-41C9-8F22-C345FFE79D2C}.Debug|Any CPU.Build.0 = Debug|Any CPU
		{73DE12D7-BAAB-41C9-8F22-C345FFE79D2C}.Debug|x64.ActiveCfg = Debug|Any CPU
		{73DE12D7-BAAB-41C9-8F22-C345FFE79D2C}.Debug|x64.Build.0 = Debug|Any CPU
		{73DE12D7-BAAB-41C9-8F22-C345FFE79D2C}.Debug|x86.ActiveCfg = Debug|Any CPU
		{73DE12D7-BAAB-41C9-8F22-C345FFE79D2C}.Debug|x86.Build.0 = Debug|Any CPU
		{73DE12D7-BAAB-41C9-8F22-C345FFE79D2C}.Release|Any CPU.ActiveCfg = Release|Any CPU
		{73DE12D7-BAAB-41C9-8F22-C345FFE79D2C}.Release|Any CPU.Build.0 = Release|Any CPU
		{73DE12D7-BAAB-41C9-8F22-C345FFE79D2C}.Release|x64.ActiveCfg = Release|Any CPU
		{73DE12D7-BAAB-41C9-8F22-C345FFE79D2C}.Release|x64.Build.0 = Release|Any CPU
		{73DE12D7-BAAB-41C9-8F22-C345FFE79D2C}.Release|x86.ActiveCfg = Release|Any CPU
		{73DE12D7-BAAB-41C9-8F22-C345FFE79D2C}.Release|x86.Build.0 = Release|Any CPU
		{6B581EB8-0689-430E-852B-44414B3E6321}.Debug|Any CPU.ActiveCfg = Debug|Any CPU
		{6B581EB8-0689-430E-852B-44414B3E6321}.Debug|Any CPU.Build.0 = Debug|Any CPU
		{6B581EB8-0689-430E-852B-44414B3E6321}.Debug|x64.ActiveCfg = Debug|Any CPU
		{6B581EB8-0689-430E-852B-44414B3E6321}.Debug|x64.Build.0 = Debug|Any CPU
		{6B581EB8-0689-430E-852B-44414B3E6321}.Debug|x86.ActiveCfg = Debug|Any CPU
		{6B581EB8-0689-430E-852B-44414B3E6321}.Debug|x86.Build.0 = Debug|Any CPU
		{6B581EB8-0689-430E-852B-44414B3E6321}.Release|Any CPU.ActiveCfg = Release|Any CPU
		{6B581EB8-0689-430E-852B-44414B3E6321}.Release|Any CPU.Build.0 = Release|Any CPU
		{6B581EB8-0689-430E-852B-44414B3E6321}.Release|x64.ActiveCfg = Release|Any CPU
		{6B581EB8-0689-430E-852B-44414B3E6321}.Release|x64.Build.0 = Release|Any CPU
		{6B581EB8-0689-430E-852B-44414B3E6321}.Release|x86.ActiveCfg = Release|Any CPU
		{6B581EB8-0689-430E-852B-44414B3E6321}.Release|x86.Build.0 = Release|Any CPU
		{6DE36643-C29B-4179-BC5C-900870692B5A}.Debug|Any CPU.ActiveCfg = Debug|Any CPU
		{6DE36643-C29B-4179-BC5C-900870692B5A}.Debug|Any CPU.Build.0 = Debug|Any CPU
		{6DE36643-C29B-4179-BC5C-900870692B5A}.Debug|x64.ActiveCfg = Debug|Any CPU
		{6DE36643-C29B-4179-BC5C-900870692B5A}.Debug|x64.Build.0 = Debug|Any CPU
		{6DE36643-C29B-4179-BC5C-900870692B5A}.Debug|x86.ActiveCfg = Debug|Any CPU
		{6DE36643-C29B-4179-BC5C-900870692B5A}.Debug|x86.Build.0 = Debug|Any CPU
		{6DE36643-C29B-4179-BC5C-900870692B5A}.Release|Any CPU.ActiveCfg = Release|Any CPU
		{6DE36643-C29B-4179-BC5C-900870692B5A}.Release|Any CPU.Build.0 = Release|Any CPU
		{6DE36643-C29B-4179-BC5C-900870692B5A}.Release|x64.ActiveCfg = Release|Any CPU
		{6DE36643-C29B-4179-BC5C-900870692B5A}.Release|x64.Build.0 = Release|Any CPU
		{6DE36643-C29B-4179-BC5C-900870692B5A}.Release|x86.ActiveCfg = Release|Any CPU
		{6DE36643-C29B-4179-BC5C-900870692B5A}.Release|x86.Build.0 = Release|Any CPU
		{51A1378C-F053-46E9-AC15-FB3D5823B297}.Debug|Any CPU.ActiveCfg = Debug|Any CPU
		{51A1378C-F053-46E9-AC15-FB3D5823B297}.Debug|Any CPU.Build.0 = Debug|Any CPU
		{51A1378C-F053-46E9-AC15-FB3D5823B297}.Debug|x64.ActiveCfg = Debug|Any CPU
		{51A1378C-F053-46E9-AC15-FB3D5823B297}.Debug|x64.Build.0 = Debug|Any CPU
		{51A1378C-F053-46E9-AC15-FB3D5823B297}.Debug|x86.ActiveCfg = Debug|Any CPU
		{51A1378C-F053-46E9-AC15-FB3D5823B297}.Debug|x86.Build.0 = Debug|Any CPU
		{51A1378C-F053-46E9-AC15-FB3D5823B297}.Release|Any CPU.ActiveCfg = Release|Any CPU
		{51A1378C-F053-46E9-AC15-FB3D5823B297}.Release|Any CPU.Build.0 = Release|Any CPU
		{51A1378C-F053-46E9-AC15-FB3D5823B297}.Release|x64.ActiveCfg = Release|Any CPU
		{51A1378C-F053-46E9-AC15-FB3D5823B297}.Release|x64.Build.0 = Release|Any CPU
		{51A1378C-F053-46E9-AC15-FB3D5823B297}.Release|x86.ActiveCfg = Release|Any CPU
		{51A1378C-F053-46E9-AC15-FB3D5823B297}.Release|x86.Build.0 = Release|Any CPU
		{4F358932-CBA0-4389-A86B-E47C9F0AE9F0}.Debug|Any CPU.ActiveCfg = Debug|Any CPU
		{4F358932-CBA0-4389-A86B-E47C9F0AE9F0}.Debug|Any CPU.Build.0 = Debug|Any CPU
		{4F358932-CBA0-4389-A86B-E47C9F0AE9F0}.Debug|x64.ActiveCfg = Debug|Any CPU
		{4F358932-CBA0-4389-A86B-E47C9F0AE9F0}.Debug|x64.Build.0 = Debug|Any CPU
		{4F358932-CBA0-4389-A86B-E47C9F0AE9F0}.Debug|x86.ActiveCfg = Debug|Any CPU
		{4F358932-CBA0-4389-A86B-E47C9F0AE9F0}.Debug|x86.Build.0 = Debug|Any CPU
		{4F358932-CBA0-4389-A86B-E47C9F0AE9F0}.Release|Any CPU.ActiveCfg = Release|Any CPU
		{4F358932-CBA0-4389-A86B-E47C9F0AE9F0}.Release|Any CPU.Build.0 = Release|Any CPU
		{4F358932-CBA0-4389-A86B-E47C9F0AE9F0}.Release|x64.ActiveCfg = Release|Any CPU
		{4F358932-CBA0-4389-A86B-E47C9F0AE9F0}.Release|x64.Build.0 = Release|Any CPU
		{4F358932-CBA0-4389-A86B-E47C9F0AE9F0}.Release|x86.ActiveCfg = Release|Any CPU
		{4F358932-CBA0-4389-A86B-E47C9F0AE9F0}.Release|x86.Build.0 = Release|Any CPU
		{B3D1A9A8-BF5C-4A58-BB7B-454B55CA3D28}.Debug|Any CPU.ActiveCfg = Debug|Any CPU
		{B3D1A9A8-BF5C-4A58-BB7B-454B55CA3D28}.Debug|Any CPU.Build.0 = Debug|Any CPU
		{B3D1A9A8-BF5C-4A58-BB7B-454B55CA3D28}.Debug|x64.ActiveCfg = Debug|Any CPU
		{B3D1A9A8-BF5C-4A58-BB7B-454B55CA3D28}.Debug|x64.Build.0 = Debug|Any CPU
		{B3D1A9A8-BF5C-4A58-BB7B-454B55CA3D28}.Debug|x86.ActiveCfg = Debug|Any CPU
		{B3D1A9A8-BF5C-4A58-BB7B-454B55CA3D28}.Debug|x86.Build.0 = Debug|Any CPU
		{B3D1A9A8-BF5C-4A58-BB7B-454B55CA3D28}.Release|Any CPU.ActiveCfg = Release|Any CPU
		{B3D1A9A8-BF5C-4A58-BB7B-454B55CA3D28}.Release|Any CPU.Build.0 = Release|Any CPU
		{B3D1A9A8-BF5C-4A58-BB7B-454B55CA3D28}.Release|x64.ActiveCfg = Release|Any CPU
		{B3D1A9A8-BF5C-4A58-BB7B-454B55CA3D28}.Release|x64.Build.0 = Release|Any CPU
		{B3D1A9A8-BF5C-4A58-BB7B-454B55CA3D28}.Release|x86.ActiveCfg = Release|Any CPU
		{B3D1A9A8-BF5C-4A58-BB7B-454B55CA3D28}.Release|x86.Build.0 = Release|Any CPU
		{B49D26D5-89BC-4979-92E7-9DAEF4F1B671}.Debug|Any CPU.ActiveCfg = Debug|Any CPU
		{B49D26D5-89BC-4979-92E7-9DAEF4F1B671}.Debug|Any CPU.Build.0 = Debug|Any CPU
		{B49D26D5-89BC-4979-92E7-9DAEF4F1B671}.Debug|x64.ActiveCfg = Debug|Any CPU
		{B49D26D5-89BC-4979-92E7-9DAEF4F1B671}.Debug|x64.Build.0 = Debug|Any CPU
		{B49D26D5-89BC-4979-92E7-9DAEF4F1B671}.Debug|x86.ActiveCfg = Debug|Any CPU
		{B49D26D5-89BC-4979-92E7-9DAEF4F1B671}.Debug|x86.Build.0 = Debug|Any CPU
		{B49D26D5-89BC-4979-92E7-9DAEF4F1B671}.Release|Any CPU.ActiveCfg = Release|Any CPU
		{B49D26D5-89BC-4979-92E7-9DAEF4F1B671}.Release|Any CPU.Build.0 = Release|Any CPU
		{B49D26D5-89BC-4979-92E7-9DAEF4F1B671}.Release|x64.ActiveCfg = Release|Any CPU
		{B49D26D5-89BC-4979-92E7-9DAEF4F1B671}.Release|x64.Build.0 = Release|Any CPU
		{B49D26D5-89BC-4979-92E7-9DAEF4F1B671}.Release|x86.ActiveCfg = Release|Any CPU
		{B49D26D5-89BC-4979-92E7-9DAEF4F1B671}.Release|x86.Build.0 = Release|Any CPU
		{46B1E661-79E0-4A2D-8C2B-ECC2BB41B7EA}.Debug|Any CPU.ActiveCfg = Debug|Any CPU
		{46B1E661-79E0-4A2D-8C2B-ECC2BB41B7EA}.Debug|Any CPU.Build.0 = Debug|Any CPU
		{46B1E661-79E0-4A2D-8C2B-ECC2BB41B7EA}.Debug|x64.ActiveCfg = Debug|Any CPU
		{46B1E661-79E0-4A2D-8C2B-ECC2BB41B7EA}.Debug|x64.Build.0 = Debug|Any CPU
		{46B1E661-79E0-4A2D-8C2B-ECC2BB41B7EA}.Debug|x86.ActiveCfg = Debug|Any CPU
		{46B1E661-79E0-4A2D-8C2B-ECC2BB41B7EA}.Debug|x86.Build.0 = Debug|Any CPU
		{46B1E661-79E0-4A2D-8C2B-ECC2BB41B7EA}.Release|Any CPU.ActiveCfg = Release|Any CPU
		{46B1E661-79E0-4A2D-8C2B-ECC2BB41B7EA}.Release|Any CPU.Build.0 = Release|Any CPU
		{46B1E661-79E0-4A2D-8C2B-ECC2BB41B7EA}.Release|x64.ActiveCfg = Release|Any CPU
		{46B1E661-79E0-4A2D-8C2B-ECC2BB41B7EA}.Release|x64.Build.0 = Release|Any CPU
		{46B1E661-79E0-4A2D-8C2B-ECC2BB41B7EA}.Release|x86.ActiveCfg = Release|Any CPU
		{46B1E661-79E0-4A2D-8C2B-ECC2BB41B7EA}.Release|x86.Build.0 = Release|Any CPU
		{52B80956-8765-49BD-841E-2B07609A1A9D}.Debug|Any CPU.ActiveCfg = Debug|Any CPU
		{52B80956-8765-49BD-841E-2B07609A1A9D}.Debug|Any CPU.Build.0 = Debug|Any CPU
		{52B80956-8765-49BD-841E-2B07609A1A9D}.Debug|x64.ActiveCfg = Debug|Any CPU
		{52B80956-8765-49BD-841E-2B07609A1A9D}.Debug|x64.Build.0 = Debug|Any CPU
		{52B80956-8765-49BD-841E-2B07609A1A9D}.Debug|x86.ActiveCfg = Debug|Any CPU
		{52B80956-8765-49BD-841E-2B07609A1A9D}.Debug|x86.Build.0 = Debug|Any CPU
		{52B80956-8765-49BD-841E-2B07609A1A9D}.Release|Any CPU.ActiveCfg = Release|Any CPU
		{52B80956-8765-49BD-841E-2B07609A1A9D}.Release|Any CPU.Build.0 = Release|Any CPU
		{52B80956-8765-49BD-841E-2B07609A1A9D}.Release|x64.ActiveCfg = Release|Any CPU
		{52B80956-8765-49BD-841E-2B07609A1A9D}.Release|x64.Build.0 = Release|Any CPU
		{52B80956-8765-49BD-841E-2B07609A1A9D}.Release|x86.ActiveCfg = Release|Any CPU
		{52B80956-8765-49BD-841E-2B07609A1A9D}.Release|x86.Build.0 = Release|Any CPU
		{27CA821F-E1DA-40DE-994C-6700BBF62086}.Debug|Any CPU.ActiveCfg = Debug|Any CPU
		{27CA821F-E1DA-40DE-994C-6700BBF62086}.Debug|Any CPU.Build.0 = Debug|Any CPU
		{27CA821F-E1DA-40DE-994C-6700BBF62086}.Debug|x64.ActiveCfg = Debug|Any CPU
		{27CA821F-E1DA-40DE-994C-6700BBF62086}.Debug|x64.Build.0 = Debug|Any CPU
		{27CA821F-E1DA-40DE-994C-6700BBF62086}.Debug|x86.ActiveCfg = Debug|Any CPU
		{27CA821F-E1DA-40DE-994C-6700BBF62086}.Debug|x86.Build.0 = Debug|Any CPU
		{27CA821F-E1DA-40DE-994C-6700BBF62086}.Release|Any CPU.ActiveCfg = Release|Any CPU
		{27CA821F-E1DA-40DE-994C-6700BBF62086}.Release|Any CPU.Build.0 = Release|Any CPU
		{27CA821F-E1DA-40DE-994C-6700BBF62086}.Release|x64.ActiveCfg = Release|Any CPU
		{27CA821F-E1DA-40DE-994C-6700BBF62086}.Release|x64.Build.0 = Release|Any CPU
		{27CA821F-E1DA-40DE-994C-6700BBF62086}.Release|x86.ActiveCfg = Release|Any CPU
		{27CA821F-E1DA-40DE-994C-6700BBF62086}.Release|x86.Build.0 = Release|Any CPU
		{AA77C6E7-F3A9-4C7D-A367-C457B4CEBE4A}.Debug|Any CPU.ActiveCfg = Debug|Any CPU
		{AA77C6E7-F3A9-4C7D-A367-C457B4CEBE4A}.Debug|Any CPU.Build.0 = Debug|Any CPU
		{AA77C6E7-F3A9-4C7D-A367-C457B4CEBE4A}.Debug|x64.ActiveCfg = Debug|Any CPU
		{AA77C6E7-F3A9-4C7D-A367-C457B4CEBE4A}.Debug|x64.Build.0 = Debug|Any CPU
		{AA77C6E7-F3A9-4C7D-A367-C457B4CEBE4A}.Debug|x86.ActiveCfg = Debug|Any CPU
		{AA77C6E7-F3A9-4C7D-A367-C457B4CEBE4A}.Debug|x86.Build.0 = Debug|Any CPU
		{AA77C6E7-F3A9-4C7D-A367-C457B4CEBE4A}.Release|Any CPU.ActiveCfg = Release|Any CPU
		{AA77C6E7-F3A9-4C7D-A367-C457B4CEBE4A}.Release|Any CPU.Build.0 = Release|Any CPU
		{AA77C6E7-F3A9-4C7D-A367-C457B4CEBE4A}.Release|x64.ActiveCfg = Release|Any CPU
		{AA77C6E7-F3A9-4C7D-A367-C457B4CEBE4A}.Release|x64.Build.0 = Release|Any CPU
		{AA77C6E7-F3A9-4C7D-A367-C457B4CEBE4A}.Release|x86.ActiveCfg = Release|Any CPU
		{AA77C6E7-F3A9-4C7D-A367-C457B4CEBE4A}.Release|x86.Build.0 = Release|Any CPU
		{5ED2DCC3-698C-4FE1-B369-9264ACE02FAE}.Debug|Any CPU.ActiveCfg = Debug|Any CPU
		{5ED2DCC3-698C-4FE1-B369-9264ACE02FAE}.Debug|Any CPU.Build.0 = Debug|Any CPU
		{5ED2DCC3-698C-4FE1-B369-9264ACE02FAE}.Debug|x64.ActiveCfg = Debug|Any CPU
		{5ED2DCC3-698C-4FE1-B369-9264ACE02FAE}.Debug|x64.Build.0 = Debug|Any CPU
		{5ED2DCC3-698C-4FE1-B369-9264ACE02FAE}.Debug|x86.ActiveCfg = Debug|Any CPU
		{5ED2DCC3-698C-4FE1-B369-9264ACE02FAE}.Debug|x86.Build.0 = Debug|Any CPU
		{5ED2DCC3-698C-4FE1-B369-9264ACE02FAE}.Release|Any CPU.ActiveCfg = Release|Any CPU
		{5ED2DCC3-698C-4FE1-B369-9264ACE02FAE}.Release|Any CPU.Build.0 = Release|Any CPU
		{5ED2DCC3-698C-4FE1-B369-9264ACE02FAE}.Release|x64.ActiveCfg = Release|Any CPU
		{5ED2DCC3-698C-4FE1-B369-9264ACE02FAE}.Release|x64.Build.0 = Release|Any CPU
		{5ED2DCC3-698C-4FE1-B369-9264ACE02FAE}.Release|x86.ActiveCfg = Release|Any CPU
		{5ED2DCC3-698C-4FE1-B369-9264ACE02FAE}.Release|x86.Build.0 = Release|Any CPU
		{F871A61B-AA95-4F2D-9BFB-1D5115E1ED29}.Debug|Any CPU.ActiveCfg = Debug|Any CPU
		{F871A61B-AA95-4F2D-9BFB-1D5115E1ED29}.Debug|Any CPU.Build.0 = Debug|Any CPU
		{F871A61B-AA95-4F2D-9BFB-1D5115E1ED29}.Debug|x64.ActiveCfg = Debug|Any CPU
		{F871A61B-AA95-4F2D-9BFB-1D5115E1ED29}.Debug|x64.Build.0 = Debug|Any CPU
		{F871A61B-AA95-4F2D-9BFB-1D5115E1ED29}.Debug|x86.ActiveCfg = Debug|Any CPU
		{F871A61B-AA95-4F2D-9BFB-1D5115E1ED29}.Debug|x86.Build.0 = Debug|Any CPU
		{F871A61B-AA95-4F2D-9BFB-1D5115E1ED29}.Release|Any CPU.ActiveCfg = Release|Any CPU
		{F871A61B-AA95-4F2D-9BFB-1D5115E1ED29}.Release|Any CPU.Build.0 = Release|Any CPU
		{F871A61B-AA95-4F2D-9BFB-1D5115E1ED29}.Release|x64.ActiveCfg = Release|Any CPU
		{F871A61B-AA95-4F2D-9BFB-1D5115E1ED29}.Release|x64.Build.0 = Release|Any CPU
		{F871A61B-AA95-4F2D-9BFB-1D5115E1ED29}.Release|x86.ActiveCfg = Release|Any CPU
		{F871A61B-AA95-4F2D-9BFB-1D5115E1ED29}.Release|x86.Build.0 = Release|Any CPU
		{32B32774-F956-48C1-85FC-D7EFF71A2999}.Debug|Any CPU.ActiveCfg = Debug|Any CPU
		{32B32774-F956-48C1-85FC-D7EFF71A2999}.Debug|Any CPU.Build.0 = Debug|Any CPU
		{32B32774-F956-48C1-85FC-D7EFF71A2999}.Debug|x64.ActiveCfg = Debug|Any CPU
		{32B32774-F956-48C1-85FC-D7EFF71A2999}.Debug|x64.Build.0 = Debug|Any CPU
		{32B32774-F956-48C1-85FC-D7EFF71A2999}.Debug|x86.ActiveCfg = Debug|Any CPU
		{32B32774-F956-48C1-85FC-D7EFF71A2999}.Debug|x86.Build.0 = Debug|Any CPU
		{32B32774-F956-48C1-85FC-D7EFF71A2999}.Release|Any CPU.ActiveCfg = Release|Any CPU
		{32B32774-F956-48C1-85FC-D7EFF71A2999}.Release|Any CPU.Build.0 = Release|Any CPU
		{32B32774-F956-48C1-85FC-D7EFF71A2999}.Release|x64.ActiveCfg = Release|Any CPU
		{32B32774-F956-48C1-85FC-D7EFF71A2999}.Release|x64.Build.0 = Release|Any CPU
		{32B32774-F956-48C1-85FC-D7EFF71A2999}.Release|x86.ActiveCfg = Release|Any CPU
		{32B32774-F956-48C1-85FC-D7EFF71A2999}.Release|x86.Build.0 = Release|Any CPU
		{4D2DA026-1A42-4607-8D9B-01F977B1C82F}.Debug|Any CPU.ActiveCfg = Debug|Any CPU
		{4D2DA026-1A42-4607-8D9B-01F977B1C82F}.Debug|Any CPU.Build.0 = Debug|Any CPU
		{4D2DA026-1A42-4607-8D9B-01F977B1C82F}.Debug|x64.ActiveCfg = Debug|Any CPU
		{4D2DA026-1A42-4607-8D9B-01F977B1C82F}.Debug|x64.Build.0 = Debug|Any CPU
		{4D2DA026-1A42-4607-8D9B-01F977B1C82F}.Debug|x86.ActiveCfg = Debug|Any CPU
		{4D2DA026-1A42-4607-8D9B-01F977B1C82F}.Debug|x86.Build.0 = Debug|Any CPU
		{4D2DA026-1A42-4607-8D9B-01F977B1C82F}.Release|Any CPU.ActiveCfg = Release|Any CPU
		{4D2DA026-1A42-4607-8D9B-01F977B1C82F}.Release|Any CPU.Build.0 = Release|Any CPU
		{4D2DA026-1A42-4607-8D9B-01F977B1C82F}.Release|x64.ActiveCfg = Release|Any CPU
		{4D2DA026-1A42-4607-8D9B-01F977B1C82F}.Release|x64.Build.0 = Release|Any CPU
		{4D2DA026-1A42-4607-8D9B-01F977B1C82F}.Release|x86.ActiveCfg = Release|Any CPU
		{4D2DA026-1A42-4607-8D9B-01F977B1C82F}.Release|x86.Build.0 = Release|Any CPU
		{877A042E-357A-410B-8D15-5DD5FCD3CEBD}.Debug|Any CPU.ActiveCfg = Debug|Any CPU
		{877A042E-357A-410B-8D15-5DD5FCD3CEBD}.Debug|Any CPU.Build.0 = Debug|Any CPU
		{877A042E-357A-410B-8D15-5DD5FCD3CEBD}.Debug|x64.ActiveCfg = Debug|Any CPU
		{877A042E-357A-410B-8D15-5DD5FCD3CEBD}.Debug|x64.Build.0 = Debug|Any CPU
		{877A042E-357A-410B-8D15-5DD5FCD3CEBD}.Debug|x86.ActiveCfg = Debug|Any CPU
		{877A042E-357A-410B-8D15-5DD5FCD3CEBD}.Debug|x86.Build.0 = Debug|Any CPU
		{877A042E-357A-410B-8D15-5DD5FCD3CEBD}.Release|Any CPU.ActiveCfg = Release|Any CPU
		{877A042E-357A-410B-8D15-5DD5FCD3CEBD}.Release|Any CPU.Build.0 = Release|Any CPU
		{877A042E-357A-410B-8D15-5DD5FCD3CEBD}.Release|x64.ActiveCfg = Release|Any CPU
		{877A042E-357A-410B-8D15-5DD5FCD3CEBD}.Release|x64.Build.0 = Release|Any CPU
		{877A042E-357A-410B-8D15-5DD5FCD3CEBD}.Release|x86.ActiveCfg = Release|Any CPU
		{877A042E-357A-410B-8D15-5DD5FCD3CEBD}.Release|x86.Build.0 = Release|Any CPU
		{5EAEE0FA-8D9B-4FA4-9109-BD0D8E9119F1}.Debug|Any CPU.ActiveCfg = Debug|Any CPU
		{5EAEE0FA-8D9B-4FA4-9109-BD0D8E9119F1}.Debug|Any CPU.Build.0 = Debug|Any CPU
		{5EAEE0FA-8D9B-4FA4-9109-BD0D8E9119F1}.Debug|x64.ActiveCfg = Debug|Any CPU
		{5EAEE0FA-8D9B-4FA4-9109-BD0D8E9119F1}.Debug|x64.Build.0 = Debug|Any CPU
		{5EAEE0FA-8D9B-4FA4-9109-BD0D8E9119F1}.Debug|x86.ActiveCfg = Debug|Any CPU
		{5EAEE0FA-8D9B-4FA4-9109-BD0D8E9119F1}.Debug|x86.Build.0 = Debug|Any CPU
		{5EAEE0FA-8D9B-4FA4-9109-BD0D8E9119F1}.Release|Any CPU.ActiveCfg = Release|Any CPU
		{5EAEE0FA-8D9B-4FA4-9109-BD0D8E9119F1}.Release|Any CPU.Build.0 = Release|Any CPU
		{5EAEE0FA-8D9B-4FA4-9109-BD0D8E9119F1}.Release|x64.ActiveCfg = Release|Any CPU
		{5EAEE0FA-8D9B-4FA4-9109-BD0D8E9119F1}.Release|x64.Build.0 = Release|Any CPU
		{5EAEE0FA-8D9B-4FA4-9109-BD0D8E9119F1}.Release|x86.ActiveCfg = Release|Any CPU
		{5EAEE0FA-8D9B-4FA4-9109-BD0D8E9119F1}.Release|x86.Build.0 = Release|Any CPU
		{5F818CB9-1078-4DD1-A3BF-F54E7428C48B}.Debug|Any CPU.ActiveCfg = Debug|Any CPU
		{5F818CB9-1078-4DD1-A3BF-F54E7428C48B}.Debug|Any CPU.Build.0 = Debug|Any CPU
		{5F818CB9-1078-4DD1-A3BF-F54E7428C48B}.Debug|x64.ActiveCfg = Debug|Any CPU
		{5F818CB9-1078-4DD1-A3BF-F54E7428C48B}.Debug|x64.Build.0 = Debug|Any CPU
		{5F818CB9-1078-4DD1-A3BF-F54E7428C48B}.Debug|x86.ActiveCfg = Debug|Any CPU
		{5F818CB9-1078-4DD1-A3BF-F54E7428C48B}.Debug|x86.Build.0 = Debug|Any CPU
		{5F818CB9-1078-4DD1-A3BF-F54E7428C48B}.Release|Any CPU.ActiveCfg = Release|Any CPU
		{5F818CB9-1078-4DD1-A3BF-F54E7428C48B}.Release|Any CPU.Build.0 = Release|Any CPU
		{5F818CB9-1078-4DD1-A3BF-F54E7428C48B}.Release|x64.ActiveCfg = Release|Any CPU
		{5F818CB9-1078-4DD1-A3BF-F54E7428C48B}.Release|x64.Build.0 = Release|Any CPU
		{5F818CB9-1078-4DD1-A3BF-F54E7428C48B}.Release|x86.ActiveCfg = Release|Any CPU
		{5F818CB9-1078-4DD1-A3BF-F54E7428C48B}.Release|x86.Build.0 = Release|Any CPU
		{A7037CCB-F380-487F-AA89-823F1A8A7FE7}.Debug|Any CPU.ActiveCfg = Debug|Any CPU
		{A7037CCB-F380-487F-AA89-823F1A8A7FE7}.Debug|Any CPU.Build.0 = Debug|Any CPU
		{A7037CCB-F380-487F-AA89-823F1A8A7FE7}.Debug|x64.ActiveCfg = Debug|Any CPU
		{A7037CCB-F380-487F-AA89-823F1A8A7FE7}.Debug|x64.Build.0 = Debug|Any CPU
		{A7037CCB-F380-487F-AA89-823F1A8A7FE7}.Debug|x86.ActiveCfg = Debug|Any CPU
		{A7037CCB-F380-487F-AA89-823F1A8A7FE7}.Debug|x86.Build.0 = Debug|Any CPU
		{A7037CCB-F380-487F-AA89-823F1A8A7FE7}.Release|Any CPU.ActiveCfg = Release|Any CPU
		{A7037CCB-F380-487F-AA89-823F1A8A7FE7}.Release|Any CPU.Build.0 = Release|Any CPU
		{A7037CCB-F380-487F-AA89-823F1A8A7FE7}.Release|x64.ActiveCfg = Release|Any CPU
		{A7037CCB-F380-487F-AA89-823F1A8A7FE7}.Release|x64.Build.0 = Release|Any CPU
		{A7037CCB-F380-487F-AA89-823F1A8A7FE7}.Release|x86.ActiveCfg = Release|Any CPU
		{A7037CCB-F380-487F-AA89-823F1A8A7FE7}.Release|x86.Build.0 = Release|Any CPU
		{3FF16BF3-3629-498F-AEBB-AD6999576E5A}.Debug|Any CPU.ActiveCfg = Debug|Any CPU
		{3FF16BF3-3629-498F-AEBB-AD6999576E5A}.Debug|Any CPU.Build.0 = Debug|Any CPU
		{3FF16BF3-3629-498F-AEBB-AD6999576E5A}.Debug|x64.ActiveCfg = Debug|Any CPU
		{3FF16BF3-3629-498F-AEBB-AD6999576E5A}.Debug|x64.Build.0 = Debug|Any CPU
		{3FF16BF3-3629-498F-AEBB-AD6999576E5A}.Debug|x86.ActiveCfg = Debug|Any CPU
		{3FF16BF3-3629-498F-AEBB-AD6999576E5A}.Debug|x86.Build.0 = Debug|Any CPU
		{3FF16BF3-3629-498F-AEBB-AD6999576E5A}.Release|Any CPU.ActiveCfg = Release|Any CPU
		{3FF16BF3-3629-498F-AEBB-AD6999576E5A}.Release|Any CPU.Build.0 = Release|Any CPU
		{3FF16BF3-3629-498F-AEBB-AD6999576E5A}.Release|x64.ActiveCfg = Release|Any CPU
		{3FF16BF3-3629-498F-AEBB-AD6999576E5A}.Release|x64.Build.0 = Release|Any CPU
		{3FF16BF3-3629-498F-AEBB-AD6999576E5A}.Release|x86.ActiveCfg = Release|Any CPU
		{3FF16BF3-3629-498F-AEBB-AD6999576E5A}.Release|x86.Build.0 = Release|Any CPU
		{1B325CAB-C5C7-4EB7-98E2-0F8C1627949E}.Debug|Any CPU.ActiveCfg = Debug|Any CPU
		{1B325CAB-C5C7-4EB7-98E2-0F8C1627949E}.Debug|Any CPU.Build.0 = Debug|Any CPU
		{1B325CAB-C5C7-4EB7-98E2-0F8C1627949E}.Debug|x64.ActiveCfg = Debug|Any CPU
		{1B325CAB-C5C7-4EB7-98E2-0F8C1627949E}.Debug|x64.Build.0 = Debug|Any CPU
		{1B325CAB-C5C7-4EB7-98E2-0F8C1627949E}.Debug|x86.ActiveCfg = Debug|Any CPU
		{1B325CAB-C5C7-4EB7-98E2-0F8C1627949E}.Debug|x86.Build.0 = Debug|Any CPU
		{1B325CAB-C5C7-4EB7-98E2-0F8C1627949E}.Release|Any CPU.ActiveCfg = Release|Any CPU
		{1B325CAB-C5C7-4EB7-98E2-0F8C1627949E}.Release|Any CPU.Build.0 = Release|Any CPU
		{1B325CAB-C5C7-4EB7-98E2-0F8C1627949E}.Release|x64.ActiveCfg = Release|Any CPU
		{1B325CAB-C5C7-4EB7-98E2-0F8C1627949E}.Release|x64.Build.0 = Release|Any CPU
		{1B325CAB-C5C7-4EB7-98E2-0F8C1627949E}.Release|x86.ActiveCfg = Release|Any CPU
		{1B325CAB-C5C7-4EB7-98E2-0F8C1627949E}.Release|x86.Build.0 = Release|Any CPU
		{0677B8D6-F579-4500-A317-54683FB79B0F}.Debug|Any CPU.ActiveCfg = Debug|Any CPU
		{0677B8D6-F579-4500-A317-54683FB79B0F}.Debug|Any CPU.Build.0 = Debug|Any CPU
		{0677B8D6-F579-4500-A317-54683FB79B0F}.Debug|x64.ActiveCfg = Debug|Any CPU
		{0677B8D6-F579-4500-A317-54683FB79B0F}.Debug|x64.Build.0 = Debug|Any CPU
		{0677B8D6-F579-4500-A317-54683FB79B0F}.Debug|x86.ActiveCfg = Debug|Any CPU
		{0677B8D6-F579-4500-A317-54683FB79B0F}.Debug|x86.Build.0 = Debug|Any CPU
		{0677B8D6-F579-4500-A317-54683FB79B0F}.Release|Any CPU.ActiveCfg = Release|Any CPU
		{0677B8D6-F579-4500-A317-54683FB79B0F}.Release|Any CPU.Build.0 = Release|Any CPU
		{0677B8D6-F579-4500-A317-54683FB79B0F}.Release|x64.ActiveCfg = Release|Any CPU
		{0677B8D6-F579-4500-A317-54683FB79B0F}.Release|x64.Build.0 = Release|Any CPU
		{0677B8D6-F579-4500-A317-54683FB79B0F}.Release|x86.ActiveCfg = Release|Any CPU
		{0677B8D6-F579-4500-A317-54683FB79B0F}.Release|x86.Build.0 = Release|Any CPU
		{E21C7C4C-589B-4ED3-A416-72819CD2CD1C}.Debug|Any CPU.ActiveCfg = Debug|Any CPU
		{E21C7C4C-589B-4ED3-A416-72819CD2CD1C}.Debug|Any CPU.Build.0 = Debug|Any CPU
		{E21C7C4C-589B-4ED3-A416-72819CD2CD1C}.Debug|x64.ActiveCfg = Debug|Any CPU
		{E21C7C4C-589B-4ED3-A416-72819CD2CD1C}.Debug|x64.Build.0 = Debug|Any CPU
		{E21C7C4C-589B-4ED3-A416-72819CD2CD1C}.Debug|x86.ActiveCfg = Debug|Any CPU
		{E21C7C4C-589B-4ED3-A416-72819CD2CD1C}.Debug|x86.Build.0 = Debug|Any CPU
		{E21C7C4C-589B-4ED3-A416-72819CD2CD1C}.Release|Any CPU.ActiveCfg = Release|Any CPU
		{E21C7C4C-589B-4ED3-A416-72819CD2CD1C}.Release|Any CPU.Build.0 = Release|Any CPU
		{E21C7C4C-589B-4ED3-A416-72819CD2CD1C}.Release|x64.ActiveCfg = Release|Any CPU
		{E21C7C4C-589B-4ED3-A416-72819CD2CD1C}.Release|x64.Build.0 = Release|Any CPU
		{E21C7C4C-589B-4ED3-A416-72819CD2CD1C}.Release|x86.ActiveCfg = Release|Any CPU
		{E21C7C4C-589B-4ED3-A416-72819CD2CD1C}.Release|x86.Build.0 = Release|Any CPU
		{5B027151-B1FC-479B-94C7-2E24CA981E37}.Debug|Any CPU.ActiveCfg = Debug|Any CPU
		{5B027151-B1FC-479B-94C7-2E24CA981E37}.Debug|Any CPU.Build.0 = Debug|Any CPU
		{5B027151-B1FC-479B-94C7-2E24CA981E37}.Debug|x64.ActiveCfg = Debug|Any CPU
		{5B027151-B1FC-479B-94C7-2E24CA981E37}.Debug|x64.Build.0 = Debug|Any CPU
		{5B027151-B1FC-479B-94C7-2E24CA981E37}.Debug|x86.ActiveCfg = Debug|Any CPU
		{5B027151-B1FC-479B-94C7-2E24CA981E37}.Debug|x86.Build.0 = Debug|Any CPU
		{5B027151-B1FC-479B-94C7-2E24CA981E37}.Release|Any CPU.ActiveCfg = Release|Any CPU
		{5B027151-B1FC-479B-94C7-2E24CA981E37}.Release|Any CPU.Build.0 = Release|Any CPU
		{5B027151-B1FC-479B-94C7-2E24CA981E37}.Release|x64.ActiveCfg = Release|Any CPU
		{5B027151-B1FC-479B-94C7-2E24CA981E37}.Release|x64.Build.0 = Release|Any CPU
		{5B027151-B1FC-479B-94C7-2E24CA981E37}.Release|x86.ActiveCfg = Release|Any CPU
		{5B027151-B1FC-479B-94C7-2E24CA981E37}.Release|x86.Build.0 = Release|Any CPU
		{40743347-5477-4F04-85D3-CE1DF26F98A2}.Debug|Any CPU.ActiveCfg = Debug|Any CPU
		{40743347-5477-4F04-85D3-CE1DF26F98A2}.Debug|Any CPU.Build.0 = Debug|Any CPU
		{40743347-5477-4F04-85D3-CE1DF26F98A2}.Debug|x64.ActiveCfg = Debug|Any CPU
		{40743347-5477-4F04-85D3-CE1DF26F98A2}.Debug|x64.Build.0 = Debug|Any CPU
		{40743347-5477-4F04-85D3-CE1DF26F98A2}.Debug|x86.ActiveCfg = Debug|Any CPU
		{40743347-5477-4F04-85D3-CE1DF26F98A2}.Debug|x86.Build.0 = Debug|Any CPU
		{40743347-5477-4F04-85D3-CE1DF26F98A2}.Release|Any CPU.ActiveCfg = Release|Any CPU
		{40743347-5477-4F04-85D3-CE1DF26F98A2}.Release|Any CPU.Build.0 = Release|Any CPU
		{40743347-5477-4F04-85D3-CE1DF26F98A2}.Release|x64.ActiveCfg = Release|Any CPU
		{40743347-5477-4F04-85D3-CE1DF26F98A2}.Release|x64.Build.0 = Release|Any CPU
		{40743347-5477-4F04-85D3-CE1DF26F98A2}.Release|x86.ActiveCfg = Release|Any CPU
		{40743347-5477-4F04-85D3-CE1DF26F98A2}.Release|x86.Build.0 = Release|Any CPU
		{0B401748-77C6-45BE-8AA2-02F73C2BA036}.Debug|Any CPU.ActiveCfg = Debug|Any CPU
		{0B401748-77C6-45BE-8AA2-02F73C2BA036}.Debug|Any CPU.Build.0 = Debug|Any CPU
		{0B401748-77C6-45BE-8AA2-02F73C2BA036}.Debug|x64.ActiveCfg = Debug|Any CPU
		{0B401748-77C6-45BE-8AA2-02F73C2BA036}.Debug|x64.Build.0 = Debug|Any CPU
		{0B401748-77C6-45BE-8AA2-02F73C2BA036}.Debug|x86.ActiveCfg = Debug|Any CPU
		{0B401748-77C6-45BE-8AA2-02F73C2BA036}.Debug|x86.Build.0 = Debug|Any CPU
		{0B401748-77C6-45BE-8AA2-02F73C2BA036}.Release|Any CPU.ActiveCfg = Release|Any CPU
		{0B401748-77C6-45BE-8AA2-02F73C2BA036}.Release|Any CPU.Build.0 = Release|Any CPU
		{0B401748-77C6-45BE-8AA2-02F73C2BA036}.Release|x64.ActiveCfg = Release|Any CPU
		{0B401748-77C6-45BE-8AA2-02F73C2BA036}.Release|x64.Build.0 = Release|Any CPU
		{0B401748-77C6-45BE-8AA2-02F73C2BA036}.Release|x86.ActiveCfg = Release|Any CPU
		{0B401748-77C6-45BE-8AA2-02F73C2BA036}.Release|x86.Build.0 = Release|Any CPU
		{50956963-D414-4382-B035-AB4B4DF7E028}.Debug|Any CPU.ActiveCfg = Debug|Any CPU
		{50956963-D414-4382-B035-AB4B4DF7E028}.Debug|Any CPU.Build.0 = Debug|Any CPU
		{50956963-D414-4382-B035-AB4B4DF7E028}.Debug|x64.ActiveCfg = Debug|Any CPU
		{50956963-D414-4382-B035-AB4B4DF7E028}.Debug|x64.Build.0 = Debug|Any CPU
		{50956963-D414-4382-B035-AB4B4DF7E028}.Debug|x86.ActiveCfg = Debug|Any CPU
		{50956963-D414-4382-B035-AB4B4DF7E028}.Debug|x86.Build.0 = Debug|Any CPU
		{50956963-D414-4382-B035-AB4B4DF7E028}.Release|Any CPU.ActiveCfg = Release|Any CPU
		{50956963-D414-4382-B035-AB4B4DF7E028}.Release|Any CPU.Build.0 = Release|Any CPU
		{50956963-D414-4382-B035-AB4B4DF7E028}.Release|x64.ActiveCfg = Release|Any CPU
		{50956963-D414-4382-B035-AB4B4DF7E028}.Release|x64.Build.0 = Release|Any CPU
		{50956963-D414-4382-B035-AB4B4DF7E028}.Release|x86.ActiveCfg = Release|Any CPU
		{50956963-D414-4382-B035-AB4B4DF7E028}.Release|x86.Build.0 = Release|Any CPU
		{349ACDA6-E259-49C9-AC25-57D37960A0F7}.Debug|Any CPU.ActiveCfg = Debug|Any CPU
		{349ACDA6-E259-49C9-AC25-57D37960A0F7}.Debug|Any CPU.Build.0 = Debug|Any CPU
		{349ACDA6-E259-49C9-AC25-57D37960A0F7}.Debug|x64.ActiveCfg = Debug|Any CPU
		{349ACDA6-E259-49C9-AC25-57D37960A0F7}.Debug|x64.Build.0 = Debug|Any CPU
		{349ACDA6-E259-49C9-AC25-57D37960A0F7}.Debug|x86.ActiveCfg = Debug|Any CPU
		{349ACDA6-E259-49C9-AC25-57D37960A0F7}.Debug|x86.Build.0 = Debug|Any CPU
		{349ACDA6-E259-49C9-AC25-57D37960A0F7}.Release|Any CPU.ActiveCfg = Release|Any CPU
		{349ACDA6-E259-49C9-AC25-57D37960A0F7}.Release|Any CPU.Build.0 = Release|Any CPU
		{349ACDA6-E259-49C9-AC25-57D37960A0F7}.Release|x64.ActiveCfg = Release|Any CPU
		{349ACDA6-E259-49C9-AC25-57D37960A0F7}.Release|x64.Build.0 = Release|Any CPU
		{349ACDA6-E259-49C9-AC25-57D37960A0F7}.Release|x86.ActiveCfg = Release|Any CPU
		{349ACDA6-E259-49C9-AC25-57D37960A0F7}.Release|x86.Build.0 = Release|Any CPU
		{172B525A-2FFE-4C82-B50F-9F2A3A26B1FE}.Debug|Any CPU.ActiveCfg = Debug|Any CPU
		{172B525A-2FFE-4C82-B50F-9F2A3A26B1FE}.Debug|Any CPU.Build.0 = Debug|Any CPU
		{172B525A-2FFE-4C82-B50F-9F2A3A26B1FE}.Debug|x64.ActiveCfg = Debug|Any CPU
		{172B525A-2FFE-4C82-B50F-9F2A3A26B1FE}.Debug|x64.Build.0 = Debug|Any CPU
		{172B525A-2FFE-4C82-B50F-9F2A3A26B1FE}.Debug|x86.ActiveCfg = Debug|Any CPU
		{172B525A-2FFE-4C82-B50F-9F2A3A26B1FE}.Debug|x86.Build.0 = Debug|Any CPU
		{172B525A-2FFE-4C82-B50F-9F2A3A26B1FE}.Release|Any CPU.ActiveCfg = Release|Any CPU
		{172B525A-2FFE-4C82-B50F-9F2A3A26B1FE}.Release|Any CPU.Build.0 = Release|Any CPU
		{172B525A-2FFE-4C82-B50F-9F2A3A26B1FE}.Release|x64.ActiveCfg = Release|Any CPU
		{172B525A-2FFE-4C82-B50F-9F2A3A26B1FE}.Release|x64.Build.0 = Release|Any CPU
		{172B525A-2FFE-4C82-B50F-9F2A3A26B1FE}.Release|x86.ActiveCfg = Release|Any CPU
		{172B525A-2FFE-4C82-B50F-9F2A3A26B1FE}.Release|x86.Build.0 = Release|Any CPU
		{9D68FDB3-DE45-4749-92F0-49FC5583524A}.Debug|Any CPU.ActiveCfg = Debug|Any CPU
		{9D68FDB3-DE45-4749-92F0-49FC5583524A}.Debug|Any CPU.Build.0 = Debug|Any CPU
		{9D68FDB3-DE45-4749-92F0-49FC5583524A}.Debug|x64.ActiveCfg = Debug|Any CPU
		{9D68FDB3-DE45-4749-92F0-49FC5583524A}.Debug|x64.Build.0 = Debug|Any CPU
		{9D68FDB3-DE45-4749-92F0-49FC5583524A}.Debug|x86.ActiveCfg = Debug|Any CPU
		{9D68FDB3-DE45-4749-92F0-49FC5583524A}.Debug|x86.Build.0 = Debug|Any CPU
		{9D68FDB3-DE45-4749-92F0-49FC5583524A}.Release|Any CPU.ActiveCfg = Release|Any CPU
		{9D68FDB3-DE45-4749-92F0-49FC5583524A}.Release|Any CPU.Build.0 = Release|Any CPU
		{9D68FDB3-DE45-4749-92F0-49FC5583524A}.Release|x64.ActiveCfg = Release|Any CPU
		{9D68FDB3-DE45-4749-92F0-49FC5583524A}.Release|x64.Build.0 = Release|Any CPU
		{9D68FDB3-DE45-4749-92F0-49FC5583524A}.Release|x86.ActiveCfg = Release|Any CPU
		{9D68FDB3-DE45-4749-92F0-49FC5583524A}.Release|x86.Build.0 = Release|Any CPU
		{B8E330AA-1F96-4CB9-90DB-6680E3CD50F4}.Debug|Any CPU.ActiveCfg = Debug|Any CPU
		{B8E330AA-1F96-4CB9-90DB-6680E3CD50F4}.Debug|Any CPU.Build.0 = Debug|Any CPU
		{B8E330AA-1F96-4CB9-90DB-6680E3CD50F4}.Debug|x64.ActiveCfg = Debug|Any CPU
		{B8E330AA-1F96-4CB9-90DB-6680E3CD50F4}.Debug|x64.Build.0 = Debug|Any CPU
		{B8E330AA-1F96-4CB9-90DB-6680E3CD50F4}.Debug|x86.ActiveCfg = Debug|Any CPU
		{B8E330AA-1F96-4CB9-90DB-6680E3CD50F4}.Debug|x86.Build.0 = Debug|Any CPU
		{B8E330AA-1F96-4CB9-90DB-6680E3CD50F4}.Release|Any CPU.ActiveCfg = Release|Any CPU
		{B8E330AA-1F96-4CB9-90DB-6680E3CD50F4}.Release|Any CPU.Build.0 = Release|Any CPU
		{B8E330AA-1F96-4CB9-90DB-6680E3CD50F4}.Release|x64.ActiveCfg = Release|Any CPU
		{B8E330AA-1F96-4CB9-90DB-6680E3CD50F4}.Release|x64.Build.0 = Release|Any CPU
		{B8E330AA-1F96-4CB9-90DB-6680E3CD50F4}.Release|x86.ActiveCfg = Release|Any CPU
		{B8E330AA-1F96-4CB9-90DB-6680E3CD50F4}.Release|x86.Build.0 = Release|Any CPU
		{948FB409-3EF5-43FD-812A-B7275C2BB73D}.Debug|Any CPU.ActiveCfg = Debug|Any CPU
		{948FB409-3EF5-43FD-812A-B7275C2BB73D}.Debug|Any CPU.Build.0 = Debug|Any CPU
		{948FB409-3EF5-43FD-812A-B7275C2BB73D}.Debug|x64.ActiveCfg = Debug|Any CPU
		{948FB409-3EF5-43FD-812A-B7275C2BB73D}.Debug|x64.Build.0 = Debug|Any CPU
		{948FB409-3EF5-43FD-812A-B7275C2BB73D}.Debug|x86.ActiveCfg = Debug|Any CPU
		{948FB409-3EF5-43FD-812A-B7275C2BB73D}.Debug|x86.Build.0 = Debug|Any CPU
		{948FB409-3EF5-43FD-812A-B7275C2BB73D}.Release|Any CPU.ActiveCfg = Release|Any CPU
		{948FB409-3EF5-43FD-812A-B7275C2BB73D}.Release|Any CPU.Build.0 = Release|Any CPU
		{948FB409-3EF5-43FD-812A-B7275C2BB73D}.Release|x64.ActiveCfg = Release|Any CPU
		{948FB409-3EF5-43FD-812A-B7275C2BB73D}.Release|x64.Build.0 = Release|Any CPU
		{948FB409-3EF5-43FD-812A-B7275C2BB73D}.Release|x86.ActiveCfg = Release|Any CPU
		{948FB409-3EF5-43FD-812A-B7275C2BB73D}.Release|x86.Build.0 = Release|Any CPU
		{3E3E449D-7FE1-4E89-8CED-0B977B537645}.Debug|Any CPU.ActiveCfg = Debug|Any CPU
		{3E3E449D-7FE1-4E89-8CED-0B977B537645}.Debug|Any CPU.Build.0 = Debug|Any CPU
		{3E3E449D-7FE1-4E89-8CED-0B977B537645}.Debug|x64.ActiveCfg = Debug|Any CPU
		{3E3E449D-7FE1-4E89-8CED-0B977B537645}.Debug|x64.Build.0 = Debug|Any CPU
		{3E3E449D-7FE1-4E89-8CED-0B977B537645}.Debug|x86.ActiveCfg = Debug|Any CPU
		{3E3E449D-7FE1-4E89-8CED-0B977B537645}.Debug|x86.Build.0 = Debug|Any CPU
		{3E3E449D-7FE1-4E89-8CED-0B977B537645}.Release|Any CPU.ActiveCfg = Release|Any CPU
		{3E3E449D-7FE1-4E89-8CED-0B977B537645}.Release|Any CPU.Build.0 = Release|Any CPU
		{3E3E449D-7FE1-4E89-8CED-0B977B537645}.Release|x64.ActiveCfg = Release|Any CPU
		{3E3E449D-7FE1-4E89-8CED-0B977B537645}.Release|x64.Build.0 = Release|Any CPU
		{3E3E449D-7FE1-4E89-8CED-0B977B537645}.Release|x86.ActiveCfg = Release|Any CPU
		{3E3E449D-7FE1-4E89-8CED-0B977B537645}.Release|x86.Build.0 = Release|Any CPU
		{CEA37BE6-E960-4512-B7D9-51C4000E823C}.Debug|Any CPU.ActiveCfg = Debug|Any CPU
		{CEA37BE6-E960-4512-B7D9-51C4000E823C}.Debug|Any CPU.Build.0 = Debug|Any CPU
		{CEA37BE6-E960-4512-B7D9-51C4000E823C}.Debug|x64.ActiveCfg = Debug|Any CPU
		{CEA37BE6-E960-4512-B7D9-51C4000E823C}.Debug|x64.Build.0 = Debug|Any CPU
		{CEA37BE6-E960-4512-B7D9-51C4000E823C}.Debug|x86.ActiveCfg = Debug|Any CPU
		{CEA37BE6-E960-4512-B7D9-51C4000E823C}.Debug|x86.Build.0 = Debug|Any CPU
		{CEA37BE6-E960-4512-B7D9-51C4000E823C}.Release|Any CPU.ActiveCfg = Release|Any CPU
		{CEA37BE6-E960-4512-B7D9-51C4000E823C}.Release|Any CPU.Build.0 = Release|Any CPU
		{CEA37BE6-E960-4512-B7D9-51C4000E823C}.Release|x64.ActiveCfg = Release|Any CPU
		{CEA37BE6-E960-4512-B7D9-51C4000E823C}.Release|x64.Build.0 = Release|Any CPU
		{CEA37BE6-E960-4512-B7D9-51C4000E823C}.Release|x86.ActiveCfg = Release|Any CPU
		{CEA37BE6-E960-4512-B7D9-51C4000E823C}.Release|x86.Build.0 = Release|Any CPU
		{6DD1C9C0-580A-47C5-A77D-87A7D4906EF1}.Debug|Any CPU.ActiveCfg = Debug|Any CPU
		{6DD1C9C0-580A-47C5-A77D-87A7D4906EF1}.Debug|Any CPU.Build.0 = Debug|Any CPU
		{6DD1C9C0-580A-47C5-A77D-87A7D4906EF1}.Debug|x64.ActiveCfg = Debug|Any CPU
		{6DD1C9C0-580A-47C5-A77D-87A7D4906EF1}.Debug|x64.Build.0 = Debug|Any CPU
		{6DD1C9C0-580A-47C5-A77D-87A7D4906EF1}.Debug|x86.ActiveCfg = Debug|Any CPU
		{6DD1C9C0-580A-47C5-A77D-87A7D4906EF1}.Debug|x86.Build.0 = Debug|Any CPU
		{6DD1C9C0-580A-47C5-A77D-87A7D4906EF1}.Release|Any CPU.ActiveCfg = Release|Any CPU
		{6DD1C9C0-580A-47C5-A77D-87A7D4906EF1}.Release|Any CPU.Build.0 = Release|Any CPU
		{6DD1C9C0-580A-47C5-A77D-87A7D4906EF1}.Release|x64.ActiveCfg = Release|Any CPU
		{6DD1C9C0-580A-47C5-A77D-87A7D4906EF1}.Release|x64.Build.0 = Release|Any CPU
		{6DD1C9C0-580A-47C5-A77D-87A7D4906EF1}.Release|x86.ActiveCfg = Release|Any CPU
		{6DD1C9C0-580A-47C5-A77D-87A7D4906EF1}.Release|x86.Build.0 = Release|Any CPU
		{5F340A6B-561D-4D19-9F16-EF00FF636D2E}.Debug|Any CPU.ActiveCfg = Debug|Any CPU
		{5F340A6B-561D-4D19-9F16-EF00FF636D2E}.Debug|Any CPU.Build.0 = Debug|Any CPU
		{5F340A6B-561D-4D19-9F16-EF00FF636D2E}.Debug|x64.ActiveCfg = Debug|Any CPU
		{5F340A6B-561D-4D19-9F16-EF00FF636D2E}.Debug|x64.Build.0 = Debug|Any CPU
		{5F340A6B-561D-4D19-9F16-EF00FF636D2E}.Debug|x86.ActiveCfg = Debug|Any CPU
		{5F340A6B-561D-4D19-9F16-EF00FF636D2E}.Debug|x86.Build.0 = Debug|Any CPU
		{5F340A6B-561D-4D19-9F16-EF00FF636D2E}.Release|Any CPU.ActiveCfg = Release|Any CPU
		{5F340A6B-561D-4D19-9F16-EF00FF636D2E}.Release|Any CPU.Build.0 = Release|Any CPU
		{5F340A6B-561D-4D19-9F16-EF00FF636D2E}.Release|x64.ActiveCfg = Release|Any CPU
		{5F340A6B-561D-4D19-9F16-EF00FF636D2E}.Release|x64.Build.0 = Release|Any CPU
		{5F340A6B-561D-4D19-9F16-EF00FF636D2E}.Release|x86.ActiveCfg = Release|Any CPU
		{5F340A6B-561D-4D19-9F16-EF00FF636D2E}.Release|x86.Build.0 = Release|Any CPU
		{73295819-23E7-4865-B14E-F9ACDE80417F}.Debug|Any CPU.ActiveCfg = Debug|Any CPU
		{73295819-23E7-4865-B14E-F9ACDE80417F}.Debug|Any CPU.Build.0 = Debug|Any CPU
		{73295819-23E7-4865-B14E-F9ACDE80417F}.Debug|x64.ActiveCfg = Debug|Any CPU
		{73295819-23E7-4865-B14E-F9ACDE80417F}.Debug|x64.Build.0 = Debug|Any CPU
		{73295819-23E7-4865-B14E-F9ACDE80417F}.Debug|x86.ActiveCfg = Debug|Any CPU
		{73295819-23E7-4865-B14E-F9ACDE80417F}.Debug|x86.Build.0 = Debug|Any CPU
		{73295819-23E7-4865-B14E-F9ACDE80417F}.Release|Any CPU.ActiveCfg = Release|Any CPU
		{73295819-23E7-4865-B14E-F9ACDE80417F}.Release|Any CPU.Build.0 = Release|Any CPU
		{73295819-23E7-4865-B14E-F9ACDE80417F}.Release|x64.ActiveCfg = Release|Any CPU
		{73295819-23E7-4865-B14E-F9ACDE80417F}.Release|x64.Build.0 = Release|Any CPU
		{73295819-23E7-4865-B14E-F9ACDE80417F}.Release|x86.ActiveCfg = Release|Any CPU
		{73295819-23E7-4865-B14E-F9ACDE80417F}.Release|x86.Build.0 = Release|Any CPU
		{84B94F7C-6424-42B1-B367-98411A8AA70A}.Debug|Any CPU.ActiveCfg = Debug|Any CPU
		{84B94F7C-6424-42B1-B367-98411A8AA70A}.Debug|Any CPU.Build.0 = Debug|Any CPU
		{84B94F7C-6424-42B1-B367-98411A8AA70A}.Debug|x64.ActiveCfg = Debug|Any CPU
		{84B94F7C-6424-42B1-B367-98411A8AA70A}.Debug|x64.Build.0 = Debug|Any CPU
		{84B94F7C-6424-42B1-B367-98411A8AA70A}.Debug|x86.ActiveCfg = Debug|Any CPU
		{84B94F7C-6424-42B1-B367-98411A8AA70A}.Debug|x86.Build.0 = Debug|Any CPU
		{84B94F7C-6424-42B1-B367-98411A8AA70A}.Release|Any CPU.ActiveCfg = Release|Any CPU
		{84B94F7C-6424-42B1-B367-98411A8AA70A}.Release|Any CPU.Build.0 = Release|Any CPU
		{84B94F7C-6424-42B1-B367-98411A8AA70A}.Release|x64.ActiveCfg = Release|Any CPU
		{84B94F7C-6424-42B1-B367-98411A8AA70A}.Release|x64.Build.0 = Release|Any CPU
		{84B94F7C-6424-42B1-B367-98411A8AA70A}.Release|x86.ActiveCfg = Release|Any CPU
		{84B94F7C-6424-42B1-B367-98411A8AA70A}.Release|x86.Build.0 = Release|Any CPU
		{66EF1043-7706-49DE-8130-599948A8090A}.Debug|Any CPU.ActiveCfg = Debug|Any CPU
		{66EF1043-7706-49DE-8130-599948A8090A}.Debug|Any CPU.Build.0 = Debug|Any CPU
		{66EF1043-7706-49DE-8130-599948A8090A}.Debug|x64.ActiveCfg = Debug|Any CPU
		{66EF1043-7706-49DE-8130-599948A8090A}.Debug|x64.Build.0 = Debug|Any CPU
		{66EF1043-7706-49DE-8130-599948A8090A}.Debug|x86.ActiveCfg = Debug|Any CPU
		{66EF1043-7706-49DE-8130-599948A8090A}.Debug|x86.Build.0 = Debug|Any CPU
		{66EF1043-7706-49DE-8130-599948A8090A}.Release|Any CPU.ActiveCfg = Release|Any CPU
		{66EF1043-7706-49DE-8130-599948A8090A}.Release|Any CPU.Build.0 = Release|Any CPU
		{66EF1043-7706-49DE-8130-599948A8090A}.Release|x64.ActiveCfg = Release|Any CPU
		{66EF1043-7706-49DE-8130-599948A8090A}.Release|x64.Build.0 = Release|Any CPU
		{66EF1043-7706-49DE-8130-599948A8090A}.Release|x86.ActiveCfg = Release|Any CPU
		{66EF1043-7706-49DE-8130-599948A8090A}.Release|x86.Build.0 = Release|Any CPU
		{A4EEEAD6-2BA2-4981-B0C3-5CE55758FE16}.Debug|Any CPU.ActiveCfg = Debug|Any CPU
		{A4EEEAD6-2BA2-4981-B0C3-5CE55758FE16}.Debug|Any CPU.Build.0 = Debug|Any CPU
		{A4EEEAD6-2BA2-4981-B0C3-5CE55758FE16}.Debug|x64.ActiveCfg = Debug|Any CPU
		{A4EEEAD6-2BA2-4981-B0C3-5CE55758FE16}.Debug|x64.Build.0 = Debug|Any CPU
		{A4EEEAD6-2BA2-4981-B0C3-5CE55758FE16}.Debug|x86.ActiveCfg = Debug|Any CPU
		{A4EEEAD6-2BA2-4981-B0C3-5CE55758FE16}.Debug|x86.Build.0 = Debug|Any CPU
		{A4EEEAD6-2BA2-4981-B0C3-5CE55758FE16}.Release|Any CPU.ActiveCfg = Release|Any CPU
		{A4EEEAD6-2BA2-4981-B0C3-5CE55758FE16}.Release|Any CPU.Build.0 = Release|Any CPU
		{A4EEEAD6-2BA2-4981-B0C3-5CE55758FE16}.Release|x64.ActiveCfg = Release|Any CPU
		{A4EEEAD6-2BA2-4981-B0C3-5CE55758FE16}.Release|x64.Build.0 = Release|Any CPU
		{A4EEEAD6-2BA2-4981-B0C3-5CE55758FE16}.Release|x86.ActiveCfg = Release|Any CPU
		{A4EEEAD6-2BA2-4981-B0C3-5CE55758FE16}.Release|x86.Build.0 = Release|Any CPU
	EndGlobalSection
	GlobalSection(NestedProjects) = preSolution
		{0C0D144C-EE2D-498E-9A9B-DD4C6A1FC75D} = {12AD4AED-CD59-45B8-AFEA-E175D55A3BF9}
		{94EC4864-7907-456D-B9DD-E997BD25B694} = {0C0D144C-EE2D-498E-9A9B-DD4C6A1FC75D}
		{73DE12D7-BAAB-41C9-8F22-C345FFE79D2C} = {94EC4864-7907-456D-B9DD-E997BD25B694}
		{A450722E-9CA8-4EBB-BD37-293E80111AED} = {0C0D144C-EE2D-498E-9A9B-DD4C6A1FC75D}
		{E2B1B665-B74A-4D0B-A767-074E7157C5A6} = {A450722E-9CA8-4EBB-BD37-293E80111AED}
		{6B581EB8-0689-430E-852B-44414B3E6321} = {E2B1B665-B74A-4D0B-A767-074E7157C5A6}
		{6DE36643-C29B-4179-BC5C-900870692B5A} = {E2B1B665-B74A-4D0B-A767-074E7157C5A6}
		{51A1378C-F053-46E9-AC15-FB3D5823B297} = {E2B1B665-B74A-4D0B-A767-074E7157C5A6}
		{4F358932-CBA0-4389-A86B-E47C9F0AE9F0} = {94EC4864-7907-456D-B9DD-E997BD25B694}
		{B3D1A9A8-BF5C-4A58-BB7B-454B55CA3D28} = {94EC4864-7907-456D-B9DD-E997BD25B694}
		{B49D26D5-89BC-4979-92E7-9DAEF4F1B671} = {94EC4864-7907-456D-B9DD-E997BD25B694}
		{46B1E661-79E0-4A2D-8C2B-ECC2BB41B7EA} = {94EC4864-7907-456D-B9DD-E997BD25B694}
		{52B80956-8765-49BD-841E-2B07609A1A9D} = {94EC4864-7907-456D-B9DD-E997BD25B694}
		{27CA821F-E1DA-40DE-994C-6700BBF62086} = {94EC4864-7907-456D-B9DD-E997BD25B694}
		{AA77C6E7-F3A9-4C7D-A367-C457B4CEBE4A} = {94EC4864-7907-456D-B9DD-E997BD25B694}
		{5ED2DCC3-698C-4FE1-B369-9264ACE02FAE} = {94EC4864-7907-456D-B9DD-E997BD25B694}
		{F871A61B-AA95-4F2D-9BFB-1D5115E1ED29} = {94EC4864-7907-456D-B9DD-E997BD25B694}
		{32B32774-F956-48C1-85FC-D7EFF71A2999} = {94EC4864-7907-456D-B9DD-E997BD25B694}
		{4D2DA026-1A42-4607-8D9B-01F977B1C82F} = {94EC4864-7907-456D-B9DD-E997BD25B694}
		{877A042E-357A-410B-8D15-5DD5FCD3CEBD} = {94EC4864-7907-456D-B9DD-E997BD25B694}
		{5EAEE0FA-8D9B-4FA4-9109-BD0D8E9119F1} = {94EC4864-7907-456D-B9DD-E997BD25B694}
		{1311D3FF-4785-4016-AA98-867F82185BEA} = {A450722E-9CA8-4EBB-BD37-293E80111AED}
		{5F818CB9-1078-4DD1-A3BF-F54E7428C48B} = {1311D3FF-4785-4016-AA98-867F82185BEA}
		{E2475A0B-6440-434F-BE4B-9C48F4402756} = {94EC4864-7907-456D-B9DD-E997BD25B694}
		{A7037CCB-F380-487F-AA89-823F1A8A7FE7} = {E2475A0B-6440-434F-BE4B-9C48F4402756}
		{3FF16BF3-3629-498F-AEBB-AD6999576E5A} = {E2475A0B-6440-434F-BE4B-9C48F4402756}
		{1B325CAB-C5C7-4EB7-98E2-0F8C1627949E} = {E2475A0B-6440-434F-BE4B-9C48F4402756}
		{0677B8D6-F579-4500-A317-54683FB79B0F} = {E2475A0B-6440-434F-BE4B-9C48F4402756}
		{E21C7C4C-589B-4ED3-A416-72819CD2CD1C} = {E2475A0B-6440-434F-BE4B-9C48F4402756}
		{E6BDCEB7-4A0E-4919-8830-F63B41A30CCB} = {94EC4864-7907-456D-B9DD-E997BD25B694}
		{5B027151-B1FC-479B-94C7-2E24CA981E37} = {E6BDCEB7-4A0E-4919-8830-F63B41A30CCB}
		{40743347-5477-4F04-85D3-CE1DF26F98A2} = {E6BDCEB7-4A0E-4919-8830-F63B41A30CCB}
		{0B401748-77C6-45BE-8AA2-02F73C2BA036} = {E6BDCEB7-4A0E-4919-8830-F63B41A30CCB}
		{50956963-D414-4382-B035-AB4B4DF7E028} = {E6BDCEB7-4A0E-4919-8830-F63B41A30CCB}
		{AF31E87A-1712-46AF-A341-50E4977130BB} = {94EC4864-7907-456D-B9DD-E997BD25B694}
		{349ACDA6-E259-49C9-AC25-57D37960A0F7} = {AF31E87A-1712-46AF-A341-50E4977130BB}
		{172B525A-2FFE-4C82-B50F-9F2A3A26B1FE} = {AF31E87A-1712-46AF-A341-50E4977130BB}
		{9D68FDB3-DE45-4749-92F0-49FC5583524A} = {AF31E87A-1712-46AF-A341-50E4977130BB}
		{B8E330AA-1F96-4CB9-90DB-6680E3CD50F4} = {AF31E87A-1712-46AF-A341-50E4977130BB}
		{289A2E4B-F84E-4B8E-A2C6-2015CF8C2DFF} = {94EC4864-7907-456D-B9DD-E997BD25B694}
		{948FB409-3EF5-43FD-812A-B7275C2BB73D} = {289A2E4B-F84E-4B8E-A2C6-2015CF8C2DFF}
		{3E3E449D-7FE1-4E89-8CED-0B977B537645} = {289A2E4B-F84E-4B8E-A2C6-2015CF8C2DFF}
		{CEA37BE6-E960-4512-B7D9-51C4000E823C} = {289A2E4B-F84E-4B8E-A2C6-2015CF8C2DFF}
		{6DD1C9C0-580A-47C5-A77D-87A7D4906EF1} = {289A2E4B-F84E-4B8E-A2C6-2015CF8C2DFF}
		{2B9E4B8C-87CE-4A3D-8A47-8312E4C313A0} = {94EC4864-7907-456D-B9DD-E997BD25B694}
		{5F340A6B-561D-4D19-9F16-EF00FF636D2E} = {2B9E4B8C-87CE-4A3D-8A47-8312E4C313A0}
		{73295819-23E7-4865-B14E-F9ACDE80417F} = {2B9E4B8C-87CE-4A3D-8A47-8312E4C313A0}
		{84B94F7C-6424-42B1-B367-98411A8AA70A} = {2B9E4B8C-87CE-4A3D-8A47-8312E4C313A0}
		{99070190-C217-4774-9D9C-8DE735905E49} = {94EC4864-7907-456D-B9DD-E997BD25B694}
		{66EF1043-7706-49DE-8130-599948A8090A} = {99070190-C217-4774-9D9C-8DE735905E49}
		{A4EEEAD6-2BA2-4981-B0C3-5CE55758FE16} = {99070190-C217-4774-9D9C-8DE735905E49}
	EndGlobalSection
EndGlobal
